
Microsoft Visual Studio Solution File, Format Version 12.00
# Visual Studio Version 17
VisualStudioVersion = 17.5.33414.496
MinimumVisualStudioVersion = 10.0.40219.1
Project("{9A19103F-16F7-4668-BE54-9A1E7A4F7556}") = "ConvertingDataTabletoList", "Main\ConvertingDataTabletoList.csproj", "{D12C5E17-F9D3-4BEB-BCFB-2F2064C2221A}"
EndProject
Project("{9A19103F-16F7-4668-BE54-9A1E7A4F7556}") = "UnitTest", "Test\UnitTest\UnitTest.csproj", "{6DD20E00-E3DA-4605-8D81-332B979C9A7B}"
EndProject
Global
	GlobalSection(SolutionConfigurationPlatforms) = preSolution
		Debug|Any CPU = Debug|Any CPU
		Release|Any CPU = Release|Any CPU
	EndGlobalSection
	GlobalSection(ProjectConfigurationPlatforms) = postSolution
		{D12C5E17-F9D3-4BEB-BCFB-2F2064C2221A}.Debug|Any CPU.ActiveCfg = Debug|Any CPU
		{D12C5E17-F9D3-4BEB-BCFB-2F2064C2221A}.Debug|Any CPU.Build.0 = Debug|Any CPU
		{D12C5E17-F9D3-4BEB-BCFB-2F2064C2221A}.Release|Any CPU.ActiveCfg = Release|Any CPU
		{D12C5E17-F9D3-4BEB-BCFB-2F2064C2221A}.Release|Any CPU.Build.0 = Release|Any CPU
		{6DD20E00-E3DA-4605-8D81-332B979C9A7B}.Debug|Any CPU.ActiveCfg = Debug|Any CPU
		{6DD20E00-E3DA-4605-8D81-332B979C9A7B}.Debug|Any CPU.Build.0 = Debug|Any CPU
		{6DD20E00-E3DA-4605-8D81-332B979C9A7B}.Release|Any CPU.ActiveCfg = Release|Any CPU
		{6DD20E00-E3DA-4605-8D81-332B979C9A7B}.Release|Any CPU.Build.0 = Release|Any CPU
	EndGlobalSection
	GlobalSection(SolutionProperties) = preSolution
		HideSolutionNode = FALSE
	EndGlobalSection
	GlobalSection(ExtensibilityGlobals) = postSolution
		SolutionGuid = {79EEF8FF-E91E-47EB-8D45-59622ED66E11}
	EndGlobalSection
EndGlobal
